<?xml version="1.0" encoding="UTF-8" standalone="yes" ?>
<CodeBlocks_project_file>
	<FileVersion major="1" minor="6" />
	<Project>
		<Option title="OSCR_win32" />
		<Option pch_mode="2" />
		<Option compiler="gcc" />
		<Build>
			<Target title="Debug">
				<Option output="bin/Debug/OSCR_win32" prefix_auto="1" extension_auto="1" />
				<Option object_output="obj/Debug/" />
				<Option type="1" />
				<Option compiler="gcc" />
				<Compiler>
					<Add option="-g" />
				</Compiler>
			</Target>
			<Target title="Release">
				<Option output="OSCR_win32" prefix_auto="1" extension_auto="1" />
				<Option object_output="obj/Release/" />
				<Option type="0" />
				<Option compiler="gcc" />
				<Compiler>
					<Add option="-Os" />
				</Compiler>
				<Linker>
					<Add option="-s" />
				</Linker>
			</Target>
		</Build>
		<Compiler>
			<Add option="-Wall" />
			<Add option="-m32" />
			<Add directory="include" />
		</Compiler>
		<Linker>
			<Add option="-m32" />
			<Add library="gdi32" />
			<Add library="user32" />
			<Add library="kernel32" />
			<Add library="comdlg32" />
		</Linker>
		<Unit filename="SerialModule.c">
			<Option compilerVar="CC" />
		</Unit>
		<Unit filename="SerialModule.h" />
		<Unit filename="main.c">
			<Option compilerVar="CC" />
		</Unit>
		<Unit filename="main.h" />
		<Unit filename="manifest.xml" />
		<Unit filename="resource.h" />
		<Unit filename="resource.rc">
			<Option compilerVar="WINDRES" />
			<Option compiler="gcc" use="1" buildCommand="$rescomp $res_includes -J rc -O coff -F pe-i386 -i $file -o $resource_output" />
		</Unit>
		<Unit filename="transfer_protocol.c">
			<Option compilerVar="CC" />
		</Unit>
		<Unit filename="transfer_protocol.h" />
		<Unit filename="utils.c">
			<Option compilerVar="CC" />
		</Unit>
		<Unit filename="utils.h" />
		<Unit filename="win32obj.c">
			<Option compilerVar="CC" />
		</Unit>
		<Unit filename="win32obj.h" />
		<Unit filename="win32utils.c">
			<Option compilerVar="CC" />
		</Unit>
		<Unit filename="win32utils.h" />
		<Extensions />
	</Project>
</CodeBlocks_project_file>
